// !$*UTF8*$!
{
	archiveVersion = 1;
	classes = {
	};
	objectVersion = 48;
	objects = {

/* Begin PBXBuildFile section */
		7C26BC69203206F800B087B9 /* Alamofire.framework in Frameworks */ = {isa = PBXBuildFile; fileRef = 7C26BC68203206F800B087B9 /* Alamofire.framework */; };
		7C26BC6D2032335900B087B9 /* Alamofire.framework in CopyFiles */ = {isa = PBXBuildFile; fileRef = 7C26BC6C2032335800B087B9 /* Alamofire.framework */; settings = {ATTRIBUTES = (CodeSignOnCopy, RemoveHeadersOnCopy, ); }; };
		7C26BC6F20333F2300B087B9 /* TodoRouter.swift in Sources */ = {isa = PBXBuildFile; fileRef = 7C26BC6E20333F2300B087B9 /* TodoRouter.swift */; };
		7C26BC71203346DB00B087B9 /* Todo.swift in Sources */ = {isa = PBXBuildFile; fileRef = 7C26BC70203346DB00B087B9 /* Todo.swift */; };
		7C26BC7320334E4A00B087B9 /* Todo+Networking.swift in Sources */ = {isa = PBXBuildFile; fileRef = 7C26BC7220334E4A00B087B9 /* Todo+Networking.swift */; };
		7CAC0F0F1FFFBE9700C92FDD /* AppDelegate.swift in Sources */ = {isa = PBXBuildFile; fileRef = 7CAC0F0E1FFFBE9700C92FDD /* AppDelegate.swift */; };
		7CAC0F111FFFBE9700C92FDD /* ViewController.swift in Sources */ = {isa = PBXBuildFile; fileRef = 7CAC0F101FFFBE9700C92FDD /* ViewController.swift */; };
		7CAC0F141FFFBE9700C92FDD /* Main.storyboard in Resources */ = {isa = PBXBuildFile; fileRef = 7CAC0F121FFFBE9700C92FDD /* Main.storyboard */; };
		7CAC0F161FFFBE9700C92FDD /* Assets.xcassets in Resources */ = {isa = PBXBuildFile; fileRef = 7CAC0F151FFFBE9700C92FDD /* Assets.xcassets */; };
		7CAC0F191FFFBE9700C92FDD /* LaunchScreen.storyboard in Resources */ = {isa = PBXBuildFile; fileRef = 7CAC0F171FFFBE9700C92FDD /* LaunchScreen.storyboard */; };
/* End PBXBuildFile section */

/* Begin PBXCopyFilesBuildPhase section */
		7C26BC6B2032333400B087B9 /* CopyFiles */ = {
			isa = PBXCopyFilesBuildPhase;
			buildActionMask = 2147483647;
			dstPath = "";
			dstSubfolderSpec = 10;
			files = (
				7C26BC6D2032335900B087B9 /* Alamofire.framework in CopyFiles */,
			);
			runOnlyForDeploymentPostprocessing = 0;
		};
/* End PBXCopyFilesBuildPhase section */

/* Begin PBXFileReference section */
		7C26BC68203206F800B087B9 /* Alamofire.framework */ = {isa = PBXFileReference; lastKnownFileType = wrapper.framework; name = Alamofire.framework; path = Carthage/Build/iOS/Alamofire.framework; sourceTree = "<group>"; };
		7C26BC6C2032335800B087B9 /* Alamofire.framework */ = {isa = PBXFileReference; lastKnownFileType = wrapper.framework; name = Alamofire.framework; path = Carthage/Build/iOS/Alamofire.framework; sourceTree = "<group>"; };
		7C26BC6E20333F2300B087B9 /* TodoRouter.swift */ = {isa = PBXFileReference; lastKnownFileType = sourcecode.swift; path = TodoRouter.swift; sourceTree = "<group>"; };
		7C26BC70203346DB00B087B9 /* Todo.swift */ = {isa = PBXFileReference; lastKnownFileType = sourcecode.swift; path = Todo.swift; sourceTree = "<group>"; };
		7C26BC7220334E4A00B087B9 /* Todo+Networking.swift */ = {isa = PBXFileReference; lastKnownFileType = sourcecode.swift; path = "Todo+Networking.swift"; sourceTree = "<group>"; };
		7CAC0F0B1FFFBE9700C92FDD /* GrokRESTAPI.app */ = {isa = PBXFileReference; explicitFileType = wrapper.application; includeInIndex = 0; path = GrokRESTAPI.app; sourceTree = BUILT_PRODUCTS_DIR; };
		7CAC0F0E1FFFBE9700C92FDD /* AppDelegate.swift */ = {isa = PBXFileReference; lastKnownFileType = sourcecode.swift; path = AppDelegate.swift; sourceTree = "<group>"; };
		7CAC0F101FFFBE9700C92FDD /* ViewController.swift */ = {isa = PBXFileReference; lastKnownFileType = sourcecode.swift; path = ViewController.swift; sourceTree = "<group>"; };
		7CAC0F131FFFBE9700C92FDD /* Base */ = {isa = PBXFileReference; lastKnownFileType = file.storyboard; name = Base; path = Base.lproj/Main.storyboard; sourceTree = "<group>"; };
		7CAC0F151FFFBE9700C92FDD /* Assets.xcassets */ = {isa = PBXFileReference; lastKnownFileType = folder.assetcatalog; path = Assets.xcassets; sourceTree = "<group>"; };
		7CAC0F181FFFBE9700C92FDD /* Base */ = {isa = PBXFileReference; lastKnownFileType = file.storyboard; name = Base; path = Base.lproj/LaunchScreen.storyboard; sourceTree = "<group>"; };
		7CAC0F1A1FFFBE9700C92FDD /* Info.plist */ = {isa = PBXFileReference; lastKnownFileType = text.plist.xml; path = Info.plist; sourceTree = "<group>"; };
/* End PBXFileReference section */

/* Begin PBXFrameworksBuildPhase section */
		7CAC0F081FFFBE9700C92FDD /* Frameworks */ = {
			isa = PBXFrameworksBuildPhase;
			buildActionMask = 2147483647;
			files = (
				7C26BC69203206F800B087B9 /* Alamofire.framework in Frameworks */,
			);
			runOnlyForDeploymentPostprocessing = 0;
		};
/* End PBXFrameworksBuildPhase section */

/* Begin PBXGroup section */
		7C26BC67203206F800B087B9 /* Frameworks */ = {
			isa = PBXGroup;
			children = (
				7C26BC68203206F800B087B9 /* Alamofire.framework */,
			);
			name = Frameworks;
			sourceTree = "<group>";
		};
		7CAC0F021FFFBE9700C92FDD = {
			isa = PBXGroup;
			children = (
				7C26BC6C2032335800B087B9 /* Alamofire.framework */,
				7CAC0F0D1FFFBE9700C92FDD /* GrokRESTAPI */,
				7CAC0F0C1FFFBE9700C92FDD /* Products */,
				7C26BC67203206F800B087B9 /* Frameworks */,
			);
			sourceTree = "<group>";
		};
		7CAC0F0C1FFFBE9700C92FDD /* Products */ = {
			isa = PBXGroup;
			children = (
				7CAC0F0B1FFFBE9700C92FDD /* GrokRESTAPI.app */,
			);
			name = Products;
			sourceTree = "<group>";
		};
		7CAC0F0D1FFFBE9700C92FDD /* GrokRESTAPI */ = {
			isa = PBXGroup;
			children = (
				7CAC0F0E1FFFBE9700C92FDD /* AppDelegate.swift */,
				7CAC0F101FFFBE9700C92FDD /* ViewController.swift */,
				7C26BC6E20333F2300B087B9 /* TodoRouter.swift */,
				7C26BC70203346DB00B087B9 /* Todo.swift */,
				7C26BC7220334E4A00B087B9 /* Todo+Networking.swift */,
				7CAC0F121FFFBE9700C92FDD /* Main.storyboard */,
				7CAC0F151FFFBE9700C92FDD /* Assets.xcassets */,
				7CAC0F171FFFBE9700C92FDD /* LaunchScreen.storyboard */,
				7CAC0F1A1FFFBE9700C92FDD /* Info.plist */,
			);
			path = GrokRESTAPI;
			sourceTree = "<group>";
		};
/* End PBXGroup section */

/* Begin PBXNativeTarget section */
		7CAC0F0A1FFFBE9700C92FDD /* GrokRESTAPI */ = {
			isa = PBXNativeTarget;
			buildConfigurationList = 7CAC0F1D1FFFBE9700C92FDD /* Build configuration list for PBXNativeTarget "GrokRESTAPI" */;
			buildPhases = (
				7CAC0F071FFFBE9700C92FDD /* Sources */,
				7CAC0F081FFFBE9700C92FDD /* Frameworks */,
				7CAC0F091FFFBE9700C92FDD /* Resources */,
				7C26BC6A2032071C00B087B9 /* ShellScript */,
				7C26BC6B2032333400B087B9 /* CopyFiles */,
			);
			buildRules = (
			);
			dependencies = (
			);
			name = GrokRESTAPI;
			productName = GrokRESTAPI;
			productReference = 7CAC0F0B1FFFBE9700C92FDD /* GrokRESTAPI.app */;
			productType = "com.apple.product-type.application";
		};
/* End PBXNativeTarget section */

/* Begin PBXProject section */
		7CAC0F031FFFBE9700C92FDD /* Project object */ = {
			isa = PBXProject;
			attributes = {
				LastSwiftUpdateCheck = 0920;
				LastUpgradeCheck = 0920;
				ORGANIZATIONNAME = "Michael Vilabrera";
				TargetAttributes = {
					7CAC0F0A1FFFBE9700C92FDD = {
						CreatedOnToolsVersion = 9.2;
						ProvisioningStyle = Automatic;
					};
				};
			};
			buildConfigurationList = 7CAC0F061FFFBE9700C92FDD /* Build configuration list for PBXProject "GrokRESTAPI" */;
			compatibilityVersion = "Xcode 8.0";
			developmentRegion = en;
			hasScannedForEncodings = 0;
			knownRegions = (
				en,
				Base,
			);
			mainGroup = 7CAC0F021FFFBE9700C92FDD;
			productRefGroup = 7CAC0F0C1FFFBE9700C92FDD /* Products */;
			projectDirPath = "";
			projectRoot = "";
			targets = (
				7CAC0F0A1FFFBE9700C92FDD /* GrokRESTAPI */,
			);
		};
/* End PBXProject section */

/* Begin PBXResourcesBuildPhase section */
		7CAC0F091FFFBE9700C92FDD /* Resources */ = {
			isa = PBXResourcesBuildPhase;
			buildActionMask = 2147483647;
			files = (
				7CAC0F191FFFBE9700C92FDD /* LaunchScreen.storyboard in Resources */,
				7CAC0F161FFFBE9700C92FDD /* Assets.xcassets in Resources */,
				7CAC0F141FFFBE9700C92FDD /* Main.storyboard in Resources */,
			);
			runOnlyForDeploymentPostprocessing = 0;
		};
/* End PBXResourcesBuildPhase section */

/* Begin PBXShellScriptBuildPhase section */
		7C26BC6A2032071C00B087B9 /* ShellScript */ = {
			isa = PBXShellScriptBuildPhase;
			buildActionMask = 8;
			files = (
			);
			inputPaths = (
				"$(SRCROOT)/Carthage/Build/iOS/Alamofire.framework",
			);
			outputPaths = (
			);
			runOnlyForDeploymentPostprocessing = 1;
			shellPath = /bin/sh;
			shellScript = "/usr/local/bin/carthage copy-frameworks";
		};
/* End PBXShellScriptBuildPhase section */

/* Begin PBXSourcesBuildPhase section */
		7CAC0F071FFFBE9700C92FDD /* Sources */ = {
			isa = PBXSourcesBuildPhase;
			buildActionMask = 2147483647;
			files = (
				7C26BC6F20333F2300B087B9 /* TodoRouter.swift in Sources */,
				7CAC0F111FFFBE9700C92FDD /* ViewController.swift in Sources */,
				7CAC0F0F1FFFBE9700C92FDD /* AppDelegate.swift in Sources */,
				7C26BC7320334E4A00B087B9 /* Todo+Networking.swift in Sources */,
				7C26BC71203346DB00B087B9 /* Todo.swift in Sources */,
			);
			runOnlyForDeploymentPostprocessing = 0;
		};
/* End PBXSourcesBuildPhase section */

/* Begin PBXVariantGroup section */
		7CAC0F121FFFBE9700C92FDD /* Main.storyboard */ = {
			isa = PBXVariantGroup;
			children = (
				7CAC0F131FFFBE9700C92FDD /* Base */,
			);
			name = Main.storyboard;
			sourceTree = "<group>";
		};
		7CAC0F171FFFBE9700C92FDD /* LaunchScreen.storyboard */ = {
			isa = PBXVariantGroup;
			children = (
				7CAC0F181FFFBE9700C92FDD /* Base */,
			);
			name = LaunchScreen.storyboard;
			sourceTree = "<group>";
		};
/* End PBXVariantGroup section */

/* Begin XCBuildConfiguration section */
		7CAC0F1B1FFFBE9700C92FDD /* Debug */ = {
			isa = XCBuildConfiguration;
			buildSettings = {
				ALWAYS_SEARCH_USER_PATHS = NO;
				CLANG_ANALYZER_NONNULL = YES;
				CLANG_ANALYZER_NUMBER_OBJECT_CONVERSION = YES_AGGRESSIVE;
				CLANG_CXX_LANGUAGE_STANDARD = "gnu++14";
				CLANG_CXX_LIBRARY = "libc++";
				CLANG_ENABLE_MODULES = YES;
				CLANG_ENABLE_OBJC_ARC = YES;
				CLANG_WARN_BLOCK_CAPTURE_AUTORELEASING = YES;
				CLANG_WARN_BOOL_CONVERSION = YES;
				CLANG_WARN_COMMA = YES;
				CLANG_WARN_CONSTANT_CONVERSION = YES;
				CLANG_WARN_DIRECT_OBJC_ISA_USAGE = YES_ERROR;
				CLANG_WARN_DOCUMENTATION_COMMENTS = YES;
				CLANG_WARN_EMPTY_BODY = YES;
				CLANG_WARN_ENUM_CONVERSION = YES;
				CLANG_WARN_INFINITE_RECURSION = YES;
				CLANG_WARN_INT_CONVERSION = YES;
				CLANG_WARN_NON_LITERAL_NULL_CONVERSION = YES;
				CLANG_WARN_OBJC_LITERAL_CONVERSION = YES;
				CLANG_WARN_OBJC_ROOT_CLASS = YES_ERROR;
				CLANG_WARN_RANGE_LOOP_ANALYSIS = YES;
				CLANG_WARN_STRICT_PROTOTYPES = YES;
				CLANG_WARN_SUSPICIOUS_MOVE = YES;
				CLANG_WARN_UNGUARDED_AVAILABILITY = YES_AGGRESSIVE;
				CLANG_WARN_UNREACHABLE_CODE = YES;
				CLANG_WARN__DUPLICATE_METHOD_MATCH = YES;
				CODE_SIGN_IDENTITY = "iPhone Developer";
				COPY_PHASE_STRIP = NO;
				DEBUG_INFORMATION_FORMAT = dwarf;
				ENABLE_STRICT_OBJC_MSGSEND = YES;
				ENABLE_TESTABILITY = YES;
				GCC_C_LANGUAGE_STANDARD = gnu11;
				GCC_DYNAMIC_NO_PIC = NO;
				GCC_NO_COMMON_BLOCKS = YES;
				GCC_OPTIMIZATION_LEVEL = 0;
				GCC_PREPROCESSOR_DEFINITIONS = (
					"DEBUG=1",
					"$(inherited)",
				);
				GCC_WARN_64_TO_32_BIT_CONVERSION = YES;
				GCC_WARN_ABOUT_RETURN_TYPE = YES_ERROR;
				GCC_WARN_UNDECLARED_SELECTOR = YES;
				GCC_WARN_UNINITIALIZED_AUTOS = YES_AGGRESSIVE;
				GCC_WARN_UNUSED_FUNCTION = YES;
				GCC_WARN_UNUSED_VARIABLE = YES;
				IPHONEOS_DEPLOYMENT_TARGET = 11.2;
				MTL_ENABLE_DEBUG_INFO = YES;
				ONLY_ACTIVE_ARCH = YES;
				SDKROOT = iphoneos;
				SWIFT_ACTIVE_COMPILATION_CONDITIONS = DEBUG;
				SWIFT_OPTIMIZATION_LEVEL = "-Onone";
			};
			name = Debug;
		};
		7CAC0F1C1FFFBE9700C92FDD /* Release */ = {
			isa = XCBuildConfiguration;
			buildSettings = {
				ALWAYS_SEARCH_USER_PATHS = NO;
				CLANG_ANALYZER_NONNULL = YES;
				CLANG_ANALYZER_NUMBER_OBJECT_CONVERSION = YES_AGGRESSIVE;
				CLANG_CXX_LANGUAGE_STANDARD = "gnu++14";
				CLANG_CXX_LIBRARY = "libc++";
				CLANG_ENABLE_MODULES = YES;
				CLANG_ENABLE_OBJC_ARC = YES;
				CLANG_WARN_BLOCK_CAPTURE_AUTORELEASING = YES;
				CLANG_WARN_BOOL_CONVERSION = YES;
				CLANG_WARN_COMMA = YES;
				CLANG_WARN_CONSTANT_CONVERSION = YES;
				CLANG_WARN_DIRECT_OBJC_ISA_USAGE = YES_ERROR;
				CLANG_WARN_DOCUMENTATION_COMMENTS = YES;
				CLANG_WARN_EMPTY_BODY = YES;
				CLANG_WARN_ENUM_CONVERSION = YES;
				CLANG_WARN_INFINITE_RECURSION = YES;
				CLANG_WARN_INT_CONVERSION = YES;
				CLANG_WARN_NON_LITERAL_NULL_CONVERSION = YES;
				CLANG_WARN_OBJC_LITERAL_CONVERSION = YES;
				CLANG_WARN_OBJC_ROOT_CLASS = YES_ERROR;
				CLANG_WARN_RANGE_LOOP_ANALYSIS = YES;
				CLANG_WARN_STRICT_PROTOTYPES = YES;
				CLANG_WARN_SUSPICIOUS_MOVE = YES;
				CLANG_WARN_UNGUARDED_AVAILABILITY = YES_AGGRESSIVE;
				CLANG_WARN_UNREACHABLE_CODE = YES;
				CLANG_WARN__DUPLICATE_METHOD_MATCH = YES;
				CODE_SIGN_IDENTITY = "iPhone Developer";
				COPY_PHASE_STRIP = NO;
				DEBUG_INFORMATION_FORMAT = "dwarf-with-dsym";
				ENABLE_NS_ASSERTIONS = NO;
				ENABLE_STRICT_OBJC_MSGSEND = YES;
				GCC_C_LANGUAGE_STANDARD = gnu11;
				GCC_NO_COMMON_BLOCKS = YES;
				GCC_WARN_64_TO_32_BIT_CONVERSION = YES;
				GCC_WARN_ABOUT_RETURN_TYPE = YES_ERROR;
				GCC_WARN_UNDECLARED_SELECTOR = YES;
				GCC_WARN_UNINITIALIZED_AUTOS = YES_AGGRESSIVE;
				GCC_WARN_UNUSED_FUNCTION = YES;
				GCC_WARN_UNUSED_VARIABLE = YES;
				IPHONEOS_DEPLOYMENT_TARGET = 11.2;
				MTL_ENABLE_DEBUG_INFO = NO;
				SDKROOT = iphoneos;
				SWIFT_OPTIMIZATION_LEVEL = "-Owholemodule";
				VALIDATE_PRODUCT = YES;
			};
			name = Release;
		};
		7CAC0F1E1FFFBE9700C92FDD /* Debug */ = {
			isa = XCBuildConfiguration;
			buildSettings = {
				ASSETCATALOG_COMPILER_APPICON_NAME = AppIcon;
				CODE_SIGN_STYLE = Automatic;
				DEVELOPMENT_TEAM = 5Q3CLN5Y6Q;
				FRAMEWORK_SEARCH_PATHS = (
					"$(inherited)",
					"$(PROJECT_DIR)/Carthage/Build/iOS",
				);
				INFOPLIST_FILE = GrokRESTAPI/Info.plist;
				LD_RUNPATH_SEARCH_PATHS = "$(inherited) @executable_path/Frameworks";
				PRODUCT_BUNDLE_IDENTIFIER = FullMetalFist.GrokRESTAPI;
				PRODUCT_NAME = "$(TARGET_NAME)";
				SWIFT_VERSION = 4.0;
				TARGETED_DEVICE_FAMILY = "1,2";
			};
			name = Debug;
		};
		7CAC0F1F1FFFBE9700C92FDD /* Release */ = {
			isa = XCBuildConfiguration;
			buildSettings = {
				ASSETCATALOG_COMPILER_APPICON_NAME = AppIcon;
				CODE_SIGN_STYLE = Automatic;
				DEVELOPMENT_TEAM = 5Q3CLN5Y6Q;
				FRAMEWORK_SEARCH_PATHS = (
					"$(inherited)",
					"$(PROJECT_DIR)/Carthage/Build/iOS",
				);
				INFOPLIST_FILE = GrokRESTAPI/Info.plist;
				LD_RUNPATH_SEARCH_PATHS = "$(inherited) @executable_path/Frameworks";
				PRODUCT_BUNDLE_IDENTIFIER = FullMetalFist.GrokRESTAPI;
				PRODUCT_NAME = "$(TARGET_NAME)";
				SWIFT_VERSION = 4.0;
				TARGETED_DEVICE_FAMILY = "1,2";
			};
			name = Release;
		};
/* End XCBuildConfiguration section */

/* Begin XCConfigurationList section */
		7CAC0F061FFFBE9700C92FDD /* Build configuration list for PBXProject "GrokRESTAPI" */ = {
			isa = XCConfigurationList;
			buildConfigurations = (
				7CAC0F1B1FFFBE9700C92FDD /* Debug */,
				7CAC0F1C1FFFBE9700C92FDD /* Release */,
			);
			defaultConfigurationIsVisible = 0;
			defaultConfigurationName = Release;
		};
		7CAC0F1D1FFFBE9700C92FDD /* Build configuration list for PBXNativeTarget "GrokRESTAPI" */ = {
			isa = XCConfigurationList;
			buildConfigurations = (
				7CAC0F1E1FFFBE9700C92FDD /* Debug */,
				7CAC0F1F1FFFBE9700C92FDD /* Release */,
			);
			defaultConfigurationIsVisible = 0;
			defaultConfigurationName = Release;
		};
/* End XCConfigurationList section */
	};
	rootObject = 7CAC0F031FFFBE9700C92FDD /* Project object */;
}
